
Microsoft Visual Studio Solution File, Format Version 12.00
# Visual Studio 15
VisualStudioVersion = 15.0.27428.1
MinimumVisualStudioVersion = 10.0.40219.1
Project("{888888A0-9F3D-457C-B088-3A5042F75D52}") = "collimator-keras", "collimator-keras.pyproj", "{155C289D-912F-49E7-B755-7C77F2049364}"
EndProject
Global
	GlobalSection(SolutionConfigurationPlatforms) = preSolution
		Debug|Any CPU = Debug|Any CPU
		Release|Any CPU = Release|Any CPU
	EndGlobalSection
	GlobalSection(ProjectConfigurationPlatforms) = postSolution
		{155C289D-912F-49E7-B755-7C77F2049364}.Debug|Any CPU.ActiveCfg = Debug|Any CPU
		{155C289D-912F-49E7-B755-7C77F2049364}.Release|Any CPU.ActiveCfg = Release|Any CPU
	EndGlobalSection
	GlobalSection(SolutionProperties) = preSolution
		HideSolutionNode = FALSE
	EndGlobalSection
	GlobalSection(ExtensibilityGlobals) = postSolution
		SolutionGuid = {3B0ACFA0-4582-4E5C-BD70-8CFDA4782299}
	EndGlobalSection
EndGlobal
